
Microsoft Visual Studio Solution File, Format Version 12.00
# Visual Studio 2012
Project("{FAE04EC0-301F-11D3-BF4B-00C04F79EFBC}") = "RealmJson.Test.Droid", "RealmJson.Test.Droid\RealmJson.Test.Droid.csproj", "{AA082691-B917-4BF9-BCCE-B5F9AA2AABF5}"
EndProject
Project("{FAE04EC0-301F-11D3-BF4B-00C04F79EFBC}") = "SushiHangover.RealmJson", "RealmJson.Extensions\SushiHangover.RealmJson.csproj", "{CF4DC39D-4830-411B-97D2-D16076FDE2A3}"
EndProject
Project("{D954291E-2A0B-460D-934E-DC6B0785DB48}") = "RealmJson.Shared.Tests", "RealmJson.Shared.Tests\RealmJson.Shared.Tests.shproj", "{D9066F67-201C-48A9-BE53-39A8333E0B58}"
EndProject
Project("{FAE04EC0-301F-11D3-BF4B-00C04F79EFBC}") = "RealmJson.Test.iOS", "RealmJson.Test.iOS\RealmJson.Test.iOS.csproj", "{6B490442-5354-4A8E-9066-1AD030BF18DE}"
EndProject
Project("{2150E333-8FDC-42A3-9474-1A3956D46DE8}") = "Solution Items", "Solution Items", "{107F0B2C-9E27-4B12-B9D4-65DA834DF134}"
	ProjectSection(SolutionItems) = preProject
		..\README.md = ..\README.md
		..\Perf.md = ..\Perf.md
		..\LICENSE = ..\LICENSE
		RealmJson.Extensions.nuspec = RealmJson.Extensions.nuspec
		..\GitVersion.yml = ..\GitVersion.yml
		..\build.cake = ..\build.cake
		..\build.ps1 = ..\build.ps1
		..\build.sh = ..\build.sh
		..\GitReleaseManager.yaml = ..\GitReleaseManager.yaml
		..\appveyor.yml = ..\appveyor.yml
		..\Doxygen\doxygen.config = ..\Doxygen\doxygen.config
		..\Doxygen\header.html = ..\Doxygen\header.html
		..\Doxygen\footer.html = ..\Doxygen\footer.html
		..\Doxygen\extra.css = ..\Doxygen\extra.css
	EndProjectSection
EndProject
Project("{2150E333-8FDC-42A3-9474-1A3956D46DE8}") = "Nuget.Test", "Nuget.Test", "{66FF9BD8-BF3C-4767-840B-70261446819F}"
EndProject
Project("{2150E333-8FDC-42A3-9474-1A3956D46DE8}") = "Doxygen", "Doxygen", "{0877CB11-15BE-4D49-B1B9-E429988C8FC0}"
	ProjectSection(SolutionItems) = preProject
		..\Doxygen\doxygen.config = ..\Doxygen\doxygen.config
		..\Doxygen\header.html = ..\Doxygen\header.html
		..\Doxygen\footer.html = ..\Doxygen\footer.html
		..\Doxygen\extra.css = ..\Doxygen\extra.css
	EndProjectSection
EndProject
Project("{FAE04EC0-301F-11D3-BF4B-00C04F79EFBC}") = "Nuget.Test.NetStd", "Nuget.Test\Nuget.Test.NetStd\Nuget.Test.NetStd.csproj", "{724370FE-E6DB-4369-AFE4-20A5CF0E1368}"
EndProject
Project("{FAE04EC0-301F-11D3-BF4B-00C04F79EFBC}") = "Nuget.Test.Droid2", "Nuget.Test\Nuget.Test.Droid2\Nuget.Test.Droid2.csproj", "{D7E381A3-0E4F-4E09-9400-157BF5F9A9A6}"
EndProject
Project("{FAE04EC0-301F-11D3-BF4B-00C04F79EFBC}") = "Nuget.Test.iOS2", "Nuget.Test\Nuget.Test.iOS2\Nuget.Test.iOS2.csproj", "{B438A429-1BB7-40A9-BBB7-B4DF48C288D8}"
EndProject
Project("{2150E333-8FDC-42A3-9474-1A3956D46DE8}") = "Test.Targets", "Test.Targets", "{E6EF7E55-9DB2-4F83-BE21-CFBFDDB81044}"
EndProject
Global
	GlobalSection(SolutionConfigurationPlatforms) = preSolution
		Debug|Any CPU = Debug|Any CPU
		Release|Any CPU = Release|Any CPU
		Debug|iPhoneSimulator = Debug|iPhoneSimulator
		Release|iPhone = Release|iPhone
		Release|iPhoneSimulator = Release|iPhoneSimulator
		Debug|iPhone = Debug|iPhone
		Nuget.Droid|Any CPU = Nuget.Droid|Any CPU
		Nuget.Droid.Debug|Any CPU = Nuget.Droid.Debug|Any CPU
		Nuget.Droid.Release|Any CPU = Nuget.Droid.Release|Any CPU
	EndGlobalSection
	GlobalSection(ProjectConfigurationPlatforms) = postSolution
		{AA082691-B917-4BF9-BCCE-B5F9AA2AABF5}.Debug|Any CPU.ActiveCfg = Debug|Any CPU
		{AA082691-B917-4BF9-BCCE-B5F9AA2AABF5}.Debug|Any CPU.Build.0 = Debug|Any CPU
		{AA082691-B917-4BF9-BCCE-B5F9AA2AABF5}.Release|Any CPU.ActiveCfg = Release|Any CPU
		{AA082691-B917-4BF9-BCCE-B5F9AA2AABF5}.Debug|iPhoneSimulator.ActiveCfg = Debug|Any CPU
		{AA082691-B917-4BF9-BCCE-B5F9AA2AABF5}.Debug|iPhoneSimulator.Build.0 = Debug|Any CPU
		{AA082691-B917-4BF9-BCCE-B5F9AA2AABF5}.Release|iPhone.ActiveCfg = Release|Any CPU
		{AA082691-B917-4BF9-BCCE-B5F9AA2AABF5}.Release|iPhone.Build.0 = Release|Any CPU
		{AA082691-B917-4BF9-BCCE-B5F9AA2AABF5}.Release|iPhoneSimulator.ActiveCfg = Release|Any CPU
		{AA082691-B917-4BF9-BCCE-B5F9AA2AABF5}.Release|iPhoneSimulator.Build.0 = Release|Any CPU
		{AA082691-B917-4BF9-BCCE-B5F9AA2AABF5}.Debug|iPhone.ActiveCfg = Debug|Any CPU
		{AA082691-B917-4BF9-BCCE-B5F9AA2AABF5}.Debug|iPhone.Build.0 = Debug|Any CPU
		{CF4DC39D-4830-411B-97D2-D16076FDE2A3}.Debug|Any CPU.ActiveCfg = Debug|Any CPU
		{CF4DC39D-4830-411B-97D2-D16076FDE2A3}.Debug|Any CPU.Build.0 = Debug|Any CPU
		{CF4DC39D-4830-411B-97D2-D16076FDE2A3}.Release|Any CPU.ActiveCfg = Release|Any CPU
		{CF4DC39D-4830-411B-97D2-D16076FDE2A3}.Release|Any CPU.Build.0 = Release|Any CPU
		{CF4DC39D-4830-411B-97D2-D16076FDE2A3}.Debug|iPhoneSimulator.ActiveCfg = Debug|Any CPU
		{CF4DC39D-4830-411B-97D2-D16076FDE2A3}.Debug|iPhoneSimulator.Build.0 = Debug|Any CPU
		{CF4DC39D-4830-411B-97D2-D16076FDE2A3}.Release|iPhone.ActiveCfg = Release|Any CPU
		{CF4DC39D-4830-411B-97D2-D16076FDE2A3}.Release|iPhone.Build.0 = Release|Any CPU
		{CF4DC39D-4830-411B-97D2-D16076FDE2A3}.Release|iPhoneSimulator.ActiveCfg = Release|Any CPU
		{CF4DC39D-4830-411B-97D2-D16076FDE2A3}.Release|iPhoneSimulator.Build.0 = Release|Any CPU
		{CF4DC39D-4830-411B-97D2-D16076FDE2A3}.Debug|iPhone.ActiveCfg = Debug|Any CPU
		{CF4DC39D-4830-411B-97D2-D16076FDE2A3}.Debug|iPhone.Build.0 = Debug|Any CPU
		{6B490442-5354-4A8E-9066-1AD030BF18DE}.Debug|Any CPU.ActiveCfg = Debug|iPhoneSimulator
		{6B490442-5354-4A8E-9066-1AD030BF18DE}.Debug|Any CPU.Build.0 = Debug|iPhoneSimulator
		{6B490442-5354-4A8E-9066-1AD030BF18DE}.Release|Any CPU.ActiveCfg = Release|iPhone
		{6B490442-5354-4A8E-9066-1AD030BF18DE}.Debug|iPhoneSimulator.ActiveCfg = Debug|iPhoneSimulator
		{6B490442-5354-4A8E-9066-1AD030BF18DE}.Debug|iPhoneSimulator.Build.0 = Debug|iPhoneSimulator
		{6B490442-5354-4A8E-9066-1AD030BF18DE}.Release|iPhone.ActiveCfg = Release|iPhone
		{6B490442-5354-4A8E-9066-1AD030BF18DE}.Release|iPhone.Build.0 = Release|iPhone
		{6B490442-5354-4A8E-9066-1AD030BF18DE}.Release|iPhoneSimulator.ActiveCfg = Release|iPhoneSimulator
		{6B490442-5354-4A8E-9066-1AD030BF18DE}.Release|iPhoneSimulator.Build.0 = Release|iPhoneSimulator
		{6B490442-5354-4A8E-9066-1AD030BF18DE}.Debug|iPhone.ActiveCfg = Debug|iPhone
		{6B490442-5354-4A8E-9066-1AD030BF18DE}.Debug|iPhone.Build.0 = Debug|iPhone
		{724370FE-E6DB-4369-AFE4-20A5CF0E1368}.Debug|Any CPU.ActiveCfg = Debug|Any CPU
		{724370FE-E6DB-4369-AFE4-20A5CF0E1368}.Debug|Any CPU.Build.0 = Debug|Any CPU
		{724370FE-E6DB-4369-AFE4-20A5CF0E1368}.Release|Any CPU.ActiveCfg = Release|Any CPU
		{724370FE-E6DB-4369-AFE4-20A5CF0E1368}.Debug|iPhoneSimulator.ActiveCfg = Debug|Any CPU
		{724370FE-E6DB-4369-AFE4-20A5CF0E1368}.Debug|iPhoneSimulator.Build.0 = Debug|Any CPU
		{724370FE-E6DB-4369-AFE4-20A5CF0E1368}.Release|iPhone.ActiveCfg = Release|Any CPU
		{724370FE-E6DB-4369-AFE4-20A5CF0E1368}.Release|iPhone.Build.0 = Release|Any CPU
		{724370FE-E6DB-4369-AFE4-20A5CF0E1368}.Release|iPhoneSimulator.ActiveCfg = Release|Any CPU
		{724370FE-E6DB-4369-AFE4-20A5CF0E1368}.Release|iPhoneSimulator.Build.0 = Release|Any CPU
		{724370FE-E6DB-4369-AFE4-20A5CF0E1368}.Debug|iPhone.ActiveCfg = Debug|Any CPU
		{724370FE-E6DB-4369-AFE4-20A5CF0E1368}.Debug|iPhone.Build.0 = Debug|Any CPU
		{724370FE-E6DB-4369-AFE4-20A5CF0E1368}.Nuget.Droid|Any CPU.ActiveCfg = Debug|Any CPU
		{724370FE-E6DB-4369-AFE4-20A5CF0E1368}.Nuget.Droid|Any CPU.Build.0 = Debug|Any CPU
		{724370FE-E6DB-4369-AFE4-20A5CF0E1368}.Nuget.Droid.Debug|Any CPU.ActiveCfg = Debug|Any CPU
		{724370FE-E6DB-4369-AFE4-20A5CF0E1368}.Nuget.Droid.Debug|Any CPU.Build.0 = Debug|Any CPU
		{724370FE-E6DB-4369-AFE4-20A5CF0E1368}.Nuget.Droid.Release|Any CPU.ActiveCfg = Debug|Any CPU
		{724370FE-E6DB-4369-AFE4-20A5CF0E1368}.Nuget.Droid.Release|Any CPU.Build.0 = Debug|Any CPU
		{D7E381A3-0E4F-4E09-9400-157BF5F9A9A6}.Debug|Any CPU.ActiveCfg = Debug|Any CPU
		{D7E381A3-0E4F-4E09-9400-157BF5F9A9A6}.Debug|Any CPU.Build.0 = Debug|Any CPU
		{D7E381A3-0E4F-4E09-9400-157BF5F9A9A6}.Release|Any CPU.ActiveCfg = Release|Any CPU
		{D7E381A3-0E4F-4E09-9400-157BF5F9A9A6}.Debug|iPhoneSimulator.ActiveCfg = Debug|Any CPU
		{D7E381A3-0E4F-4E09-9400-157BF5F9A9A6}.Debug|iPhoneSimulator.Build.0 = Debug|Any CPU
		{D7E381A3-0E4F-4E09-9400-157BF5F9A9A6}.Release|iPhone.ActiveCfg = Release|Any CPU
		{D7E381A3-0E4F-4E09-9400-157BF5F9A9A6}.Release|iPhone.Build.0 = Release|Any CPU
		{D7E381A3-0E4F-4E09-9400-157BF5F9A9A6}.Release|iPhoneSimulator.ActiveCfg = Release|Any CPU
		{D7E381A3-0E4F-4E09-9400-157BF5F9A9A6}.Release|iPhoneSimulator.Build.0 = Release|Any CPU
		{D7E381A3-0E4F-4E09-9400-157BF5F9A9A6}.Debug|iPhone.ActiveCfg = Debug|Any CPU
		{D7E381A3-0E4F-4E09-9400-157BF5F9A9A6}.Debug|iPhone.Build.0 = Debug|Any CPU
		{D7E381A3-0E4F-4E09-9400-157BF5F9A9A6}.Nuget.Droid|Any CPU.ActiveCfg = Debug|Any CPU
		{D7E381A3-0E4F-4E09-9400-157BF5F9A9A6}.Nuget.Droid|Any CPU.Build.0 = Debug|Any CPU
		{D7E381A3-0E4F-4E09-9400-157BF5F9A9A6}.Nuget.Droid.Debug|Any CPU.ActiveCfg = Debug|Any CPU
		{D7E381A3-0E4F-4E09-9400-157BF5F9A9A6}.Nuget.Droid.Debug|Any CPU.Build.0 = Debug|Any CPU
		{D7E381A3-0E4F-4E09-9400-157BF5F9A9A6}.Nuget.Droid.Release|Any CPU.ActiveCfg = Debug|Any CPU
		{D7E381A3-0E4F-4E09-9400-157BF5F9A9A6}.Nuget.Droid.Release|Any CPU.Build.0 = Debug|Any CPU
		{B438A429-1BB7-40A9-BBB7-B4DF48C288D8}.Debug|Any CPU.ActiveCfg = Debug|iPhoneSimulator
		{B438A429-1BB7-40A9-BBB7-B4DF48C288D8}.Debug|Any CPU.Build.0 = Debug|iPhoneSimulator
		{B438A429-1BB7-40A9-BBB7-B4DF48C288D8}.Release|Any CPU.ActiveCfg = Release|iPhone
		{B438A429-1BB7-40A9-BBB7-B4DF48C288D8}.Debug|iPhoneSimulator.ActiveCfg = Debug|iPhoneSimulator
		{B438A429-1BB7-40A9-BBB7-B4DF48C288D8}.Debug|iPhoneSimulator.Build.0 = Debug|iPhoneSimulator
		{B438A429-1BB7-40A9-BBB7-B4DF48C288D8}.Release|iPhone.ActiveCfg = Release|iPhone
		{B438A429-1BB7-40A9-BBB7-B4DF48C288D8}.Release|iPhone.Build.0 = Release|iPhone
		{B438A429-1BB7-40A9-BBB7-B4DF48C288D8}.Release|iPhoneSimulator.ActiveCfg = Release|iPhoneSimulator
		{B438A429-1BB7-40A9-BBB7-B4DF48C288D8}.Release|iPhoneSimulator.Build.0 = Release|iPhoneSimulator
		{B438A429-1BB7-40A9-BBB7-B4DF48C288D8}.Debug|iPhone.ActiveCfg = Debug|iPhone
		{B438A429-1BB7-40A9-BBB7-B4DF48C288D8}.Debug|iPhone.Build.0 = Debug|iPhone
		{B438A429-1BB7-40A9-BBB7-B4DF48C288D8}.Nuget.Droid|Any CPU.ActiveCfg = Debug|iPhoneSimulator
		{B438A429-1BB7-40A9-BBB7-B4DF48C288D8}.Nuget.Droid|Any CPU.Build.0 = Debug|iPhoneSimulator
		{B438A429-1BB7-40A9-BBB7-B4DF48C288D8}.Nuget.Droid.Debug|Any CPU.ActiveCfg = Debug|iPhoneSimulator
		{B438A429-1BB7-40A9-BBB7-B4DF48C288D8}.Nuget.Droid.Debug|Any CPU.Build.0 = Debug|iPhoneSimulator
		{B438A429-1BB7-40A9-BBB7-B4DF48C288D8}.Nuget.Droid.Release|Any CPU.ActiveCfg = Debug|iPhoneSimulator
		{B438A429-1BB7-40A9-BBB7-B4DF48C288D8}.Nuget.Droid.Release|Any CPU.Build.0 = Debug|iPhoneSimulator
	EndGlobalSection
	GlobalSection(MonoDevelopProperties) = preSolution
		description = Extension Methods for adding JSON APIs to a Realm Instance
		version = 1.1.0
	EndGlobalSection
	GlobalSection(NestedProjects) = preSolution
		{724370FE-E6DB-4369-AFE4-20A5CF0E1368} = {66FF9BD8-BF3C-4767-840B-70261446819F}
		{D7E381A3-0E4F-4E09-9400-157BF5F9A9A6} = {66FF9BD8-BF3C-4767-840B-70261446819F}
		{B438A429-1BB7-40A9-BBB7-B4DF48C288D8} = {66FF9BD8-BF3C-4767-840B-70261446819F}
		{AA082691-B917-4BF9-BCCE-B5F9AA2AABF5} = {E6EF7E55-9DB2-4F83-BE21-CFBFDDB81044}
		{6B490442-5354-4A8E-9066-1AD030BF18DE} = {E6EF7E55-9DB2-4F83-BE21-CFBFDDB81044}
	EndGlobalSection
EndGlobal
